
Microsoft Visual Studio Solution File, Format Version 12.00
# Visual Studio Version 16
VisualStudioVersion = 16.0.29509.3
MinimumVisualStudioVersion = 10.0.40219.1
Project("{FAE04EC0-301F-11D3-BF4B-00C04F79EFBC}") = "BASS_Sample.Android", "BASS_Sample\BASS_Sample.Android\BASS_Sample.Android.csproj", "{1BF585F9-26F7-4363-A6ED-041DBFBF97B6}"
EndProject
Project("{FAE04EC0-301F-11D3-BF4B-00C04F79EFBC}") = "BASS_Sample.iOS", "BASS_Sample\BASS_Sample.iOS\BASS_Sample.iOS.csproj", "{50875857-9222-43A3-999A-2BABF1CC742B}"
EndProject
Project("{9A19103F-16F7-4668-BE54-9A1E7A4F7556}") = "BASS_Sample", "BASS_Sample\BASS_Sample\BASS_Sample.csproj", "{F0E40D25-5FA9-4250-BE99-E9FEC1389053}"
EndProject
Project("{FAE04EC0-301F-11D3-BF4B-00C04F79EFBC}") = "BASS_Sample.UITest", "BASS_Sample.UITest\BASS_Sample.UITest.csproj", "{FBF78341-D21F-4AAA-BED5-5F224AB51F31}"
EndProject
Global
	GlobalSection(SolutionConfigurationPlatforms) = preSolution
		Debug|Any CPU = Debug|Any CPU
		Debug|iPhone = Debug|iPhone
		Debug|iPhoneSimulator = Debug|iPhoneSimulator
		Release|Any CPU = Release|Any CPU
		Release|iPhone = Release|iPhone
		Release|iPhoneSimulator = Release|iPhoneSimulator
	EndGlobalSection
	GlobalSection(ProjectConfigurationPlatforms) = postSolution
		{1BF585F9-26F7-4363-A6ED-041DBFBF97B6}.Debug|Any CPU.ActiveCfg = Debug|Any CPU
		{1BF585F9-26F7-4363-A6ED-041DBFBF97B6}.Debug|Any CPU.Build.0 = Debug|Any CPU
		{1BF585F9-26F7-4363-A6ED-041DBFBF97B6}.Debug|Any CPU.Deploy.0 = Debug|Any CPU
		{1BF585F9-26F7-4363-A6ED-041DBFBF97B6}.Debug|iPhone.ActiveCfg = Debug|Any CPU
		{1BF585F9-26F7-4363-A6ED-041DBFBF97B6}.Debug|iPhone.Build.0 = Debug|Any CPU
		{1BF585F9-26F7-4363-A6ED-041DBFBF97B6}.Debug|iPhone.Deploy.0 = Debug|Any CPU
		{1BF585F9-26F7-4363-A6ED-041DBFBF97B6}.Debug|iPhoneSimulator.ActiveCfg = Debug|Any CPU
		{1BF585F9-26F7-4363-A6ED-041DBFBF97B6}.Debug|iPhoneSimulator.Build.0 = Debug|Any CPU
		{1BF585F9-26F7-4363-A6ED-041DBFBF97B6}.Debug|iPhoneSimulator.Deploy.0 = Debug|Any CPU
		{1BF585F9-26F7-4363-A6ED-041DBFBF97B6}.Release|Any CPU.ActiveCfg = Release|Any CPU
		{1BF585F9-26F7-4363-A6ED-041DBFBF97B6}.Release|Any CPU.Build.0 = Release|Any CPU
		{1BF585F9-26F7-4363-A6ED-041DBFBF97B6}.Release|Any CPU.Deploy.0 = Release|Any CPU
		{1BF585F9-26F7-4363-A6ED-041DBFBF97B6}.Release|iPhone.ActiveCfg = Release|Any CPU
		{1BF585F9-26F7-4363-A6ED-041DBFBF97B6}.Release|iPhone.Build.0 = Release|Any CPU
		{1BF585F9-26F7-4363-A6ED-041DBFBF97B6}.Release|iPhone.Deploy.0 = Release|Any CPU
		{1BF585F9-26F7-4363-A6ED-041DBFBF97B6}.Release|iPhoneSimulator.ActiveCfg = Release|Any CPU
		{1BF585F9-26F7-4363-A6ED-041DBFBF97B6}.Release|iPhoneSimulator.Build.0 = Release|Any CPU
		{1BF585F9-26F7-4363-A6ED-041DBFBF97B6}.Release|iPhoneSimulator.Deploy.0 = Release|Any CPU
		{50875857-9222-43A3-999A-2BABF1CC742B}.Debug|Any CPU.ActiveCfg = Debug|iPhoneSimulator
		{50875857-9222-43A3-999A-2BABF1CC742B}.Debug|Any CPU.Build.0 = Debug|iPhoneSimulator
		{50875857-9222-43A3-999A-2BABF1CC742B}.Debug|Any CPU.Deploy.0 = Debug|iPhoneSimulator
		{50875857-9222-43A3-999A-2BABF1CC742B}.Debug|iPhone.ActiveCfg = Debug|iPhone
		{50875857-9222-43A3-999A-2BABF1CC742B}.Debug|iPhone.Build.0 = Debug|iPhone
		{50875857-9222-43A3-999A-2BABF1CC742B}.Debug|iPhone.Deploy.0 = Debug|iPhone
		{50875857-9222-43A3-999A-2BABF1CC742B}.Debug|iPhoneSimulator.ActiveCfg = Debug|iPhoneSimulator
		{50875857-9222-43A3-999A-2BABF1CC742B}.Debug|iPhoneSimulator.Build.0 = Debug|iPhoneSimulator
		{50875857-9222-43A3-999A-2BABF1CC742B}.Debug|iPhoneSimulator.Deploy.0 = Debug|iPhoneSimulator
		{50875857-9222-43A3-999A-2BABF1CC742B}.Release|Any CPU.ActiveCfg = Release|iPhone
		{50875857-9222-43A3-999A-2BABF1CC742B}.Release|Any CPU.Build.0 = Release|iPhone
		{50875857-9222-43A3-999A-2BABF1CC742B}.Release|Any CPU.Deploy.0 = Release|iPhone
		{50875857-9222-43A3-999A-2BABF1CC742B}.Release|iPhone.ActiveCfg = Release|iPhone
		{50875857-9222-43A3-999A-2BABF1CC742B}.Release|iPhone.Build.0 = Release|iPhone
		{50875857-9222-43A3-999A-2BABF1CC742B}.Release|iPhone.Deploy.0 = Release|iPhone
		{50875857-9222-43A3-999A-2BABF1CC742B}.Release|iPhoneSimulator.ActiveCfg = Release|iPhoneSimulator
		{50875857-9222-43A3-999A-2BABF1CC742B}.Release|iPhoneSimulator.Build.0 = Release|iPhoneSimulator
		{50875857-9222-43A3-999A-2BABF1CC742B}.Release|iPhoneSimulator.Deploy.0 = Release|iPhoneSimulator
		{F0E40D25-5FA9-4250-BE99-E9FEC1389053}.Debug|Any CPU.ActiveCfg = Debug|Any CPU
		{F0E40D25-5FA9-4250-BE99-E9FEC1389053}.Debug|Any CPU.Build.0 = Debug|Any CPU
		{F0E40D25-5FA9-4250-BE99-E9FEC1389053}.Debug|Any CPU.Deploy.0 = Debug|Any CPU
		{F0E40D25-5FA9-4250-BE99-E9FEC1389053}.Debug|iPhone.ActiveCfg = Debug|Any CPU
		{F0E40D25-5FA9-4250-BE99-E9FEC1389053}.Debug|iPhone.Build.0 = Debug|Any CPU
		{F0E40D25-5FA9-4250-BE99-E9FEC1389053}.Debug|iPhone.Deploy.0 = Debug|Any CPU
		{F0E40D25-5FA9-4250-BE99-E9FEC1389053}.Debug|iPhoneSimulator.ActiveCfg = Debug|Any CPU
		{F0E40D25-5FA9-4250-BE99-E9FEC1389053}.Debug|iPhoneSimulator.Build.0 = Debug|Any CPU
		{F0E40D25-5FA9-4250-BE99-E9FEC1389053}.Debug|iPhoneSimulator.Deploy.0 = Debug|Any CPU
		{F0E40D25-5FA9-4250-BE99-E9FEC1389053}.Release|Any CPU.ActiveCfg = Release|Any CPU
		{F0E40D25-5FA9-4250-BE99-E9FEC1389053}.Release|Any CPU.Build.0 = Release|Any CPU
		{F0E40D25-5FA9-4250-BE99-E9FEC1389053}.Release|Any CPU.Deploy.0 = Release|Any CPU
		{F0E40D25-5FA9-4250-BE99-E9FEC1389053}.Release|iPhone.ActiveCfg = Release|Any CPU
		{F0E40D25-5FA9-4250-BE99-E9FEC1389053}.Release|iPhone.Build.0 = Release|Any CPU
		{F0E40D25-5FA9-4250-BE99-E9FEC1389053}.Release|iPhone.Deploy.0 = Release|Any CPU
		{F0E40D25-5FA9-4250-BE99-E9FEC1389053}.Release|iPhoneSimulator.ActiveCfg = Release|Any CPU
		{F0E40D25-5FA9-4250-BE99-E9FEC1389053}.Release|iPhoneSimulator.Build.0 = Release|Any CPU
		{F0E40D25-5FA9-4250-BE99-E9FEC1389053}.Release|iPhoneSimulator.Deploy.0 = Release|Any CPU
		{FBF78341-D21F-4AAA-BED5-5F224AB51F31}.Debug|Any CPU.ActiveCfg = Debug|Any CPU
		{FBF78341-D21F-4AAA-BED5-5F224AB51F31}.Debug|Any CPU.Build.0 = Debug|Any CPU
		{FBF78341-D21F-4AAA-BED5-5F224AB51F31}.Debug|iPhone.ActiveCfg = Debug|Any CPU
		{FBF78341-D21F-4AAA-BED5-5F224AB51F31}.Debug|iPhone.Build.0 = Debug|Any CPU
		{FBF78341-D21F-4AAA-BED5-5F224AB51F31}.Debug|iPhoneSimulator.ActiveCfg = Debug|Any CPU
		{FBF78341-D21F-4AAA-BED5-5F224AB51F31}.Debug|iPhoneSimulator.Build.0 = Debug|Any CPU
		{FBF78341-D21F-4AAA-BED5-5F224AB51F31}.Release|Any CPU.ActiveCfg = Release|Any CPU
		{FBF78341-D21F-4AAA-BED5-5F224AB51F31}.Release|Any CPU.Build.0 = Release|Any CPU
		{FBF78341-D21F-4AAA-BED5-5F224AB51F31}.Release|iPhone.ActiveCfg = Release|Any CPU
		{FBF78341-D21F-4AAA-BED5-5F224AB51F31}.Release|iPhone.Build.0 = Release|Any CPU
		{FBF78341-D21F-4AAA-BED5-5F224AB51F31}.Release|iPhoneSimulator.ActiveCfg = Release|Any CPU
		{FBF78341-D21F-4AAA-BED5-5F224AB51F31}.Release|iPhoneSimulator.Build.0 = Release|Any CPU
	EndGlobalSection
	GlobalSection(SolutionProperties) = preSolution
		HideSolutionNode = FALSE
	EndGlobalSection
	GlobalSection(ExtensibilityGlobals) = postSolution
		SolutionGuid = {0EC5D510-8C5E-447D-97FE-731BC035B2C7}
	EndGlobalSection
EndGlobal
